golang.org/x/net v0.0.0-20220403103023-749bd193bc2b h1:vI32FkLJNAWtGD4BwkThwEy6XS7ZLLMHkSkYfF8M0W0=
golang.org/x/net v0.0.0-20220403103023-749bd193bc2b/go.mod h1:CfG3xpIq0wQ8r1q4Su4UZFWDARRcnwPjda9FqA0JpMk=
gopkg.in/h2non/gentleman.v2 v2.0.5 h1:ckmb6cLxL2DDk7WN7LSdxXDq7jNkOicFg4JZ4ZnDNuE=
gopkg.in/h2non/gentleman.v2 v2.0.5/go.mod h1:A1c7zwrTgAyyf6AbpvVksYtBayTB4STBUGmdkEtlHeA=
